
Microsoft Visual Studio Solution File, Format Version 12.00
# Visual Studio Version 17
VisualStudioVersion = 17.0.31912.275
MinimumVisualStudioVersion = 10.0.40219.1
Project("{9A19103F-16F7-4668-BE54-9A1E7A4F7556}") = "OrientDbRest", "src\OrientDbRest\OrientDbRest.csproj", "{C0D4A0A4-534D-493D-9941-4C72E6891A0B}"
EndProject
Global
	GlobalSection(SolutionConfigurationPlatforms) = preSolution
		Debug|Any CPU = Debug|Any CPU
		Release|Any CPU = Release|Any CPU
	EndGlobalSection
	GlobalSection(ProjectConfigurationPlatforms) = postSolution
		{C0D4A0A4-534D-493D-9941-4C72E6891A0B}.Debug|Any CPU.ActiveCfg = Debug|Any CPU
		{C0D4A0A4-534D-493D-9941-4C72E6891A0B}.Debug|Any CPU.Build.0 = Debug|Any CPU
		{C0D4A0A4-534D-493D-9941-4C72E6891A0B}.Release|Any CPU.ActiveCfg = Release|Any CPU
		{C0D4A0A4-534D-493D-9941-4C72E6891A0B}.Release|Any CPU.Build.0 = Release|Any CPU
	EndGlobalSection
	GlobalSection(SolutionProperties) = preSolution
		HideSolutionNode = FALSE
	EndGlobalSection
	GlobalSection(ExtensibilityGlobals) = postSolution
		SolutionGuid = {14DD8A69-6558-4967-95AA-FE5E1625DC2C}
	EndGlobalSection
EndGlobal
